
Microsoft Visual Studio Solution File, Format Version 12.00
# Visual Studio 15
VisualStudioVersion = 15.0.28307.168
MinimumVisualStudioVersion = 10.0.40219.1
Project("{FAE04EC0-301F-11D3-BF4B-00C04F79EFBC}") = "CheckMeFinal.Android", "CheckMeFinal\CheckMeFinal.Android\CheckMeFinal.Android.csproj", "{351763B1-0960-496C-A48F-4CAE6CCA7B22}"
EndProject
Project("{FAE04EC0-301F-11D3-BF4B-00C04F79EFBC}") = "CheckMeFinal.iOS", "CheckMeFinal\CheckMeFinal.iOS\CheckMeFinal.iOS.csproj", "{E44833BA-EE8C-4B40-B6EC-6D40ACC348FA}"
EndProject
Project("{FAE04EC0-301F-11D3-BF4B-00C04F79EFBC}") = "CheckMeFinal", "CheckMeFinal\CheckMeFinal\CheckMeFinal.csproj", "{6CC27A92-AB10-4878-A954-0E34E621B4AF}"
EndProject
Global
	GlobalSection(SolutionConfigurationPlatforms) = preSolution
		Ad-Hoc|Any CPU = Ad-Hoc|Any CPU
		Ad-Hoc|iPhone = Ad-Hoc|iPhone
		Ad-Hoc|iPhoneSimulator = Ad-Hoc|iPhoneSimulator
		AppStore|Any CPU = AppStore|Any CPU
		AppStore|iPhone = AppStore|iPhone
		AppStore|iPhoneSimulator = AppStore|iPhoneSimulator
		Debug|Any CPU = Debug|Any CPU
		Debug|iPhone = Debug|iPhone
		Debug|iPhoneSimulator = Debug|iPhoneSimulator
		Release|Any CPU = Release|Any CPU
		Release|iPhone = Release|iPhone
		Release|iPhoneSimulator = Release|iPhoneSimulator
	EndGlobalSection
	GlobalSection(ProjectConfigurationPlatforms) = postSolution
		{351763B1-0960-496C-A48F-4CAE6CCA7B22}.Ad-Hoc|Any CPU.ActiveCfg = Release|Any CPU
		{351763B1-0960-496C-A48F-4CAE6CCA7B22}.Ad-Hoc|Any CPU.Build.0 = Release|Any CPU
		{351763B1-0960-496C-A48F-4CAE6CCA7B22}.Ad-Hoc|Any CPU.Deploy.0 = Release|Any CPU
		{351763B1-0960-496C-A48F-4CAE6CCA7B22}.Ad-Hoc|iPhone.ActiveCfg = Release|Any CPU
		{351763B1-0960-496C-A48F-4CAE6CCA7B22}.Ad-Hoc|iPhone.Build.0 = Release|Any CPU
		{351763B1-0960-496C-A48F-4CAE6CCA7B22}.Ad-Hoc|iPhone.Deploy.0 = Release|Any CPU
		{351763B1-0960-496C-A48F-4CAE6CCA7B22}.Ad-Hoc|iPhoneSimulator.ActiveCfg = Release|Any CPU
		{351763B1-0960-496C-A48F-4CAE6CCA7B22}.Ad-Hoc|iPhoneSimulator.Build.0 = Release|Any CPU
		{351763B1-0960-496C-A48F-4CAE6CCA7B22}.Ad-Hoc|iPhoneSimulator.Deploy.0 = Release|Any CPU
		{351763B1-0960-496C-A48F-4CAE6CCA7B22}.AppStore|Any CPU.ActiveCfg = Release|Any CPU
		{351763B1-0960-496C-A48F-4CAE6CCA7B22}.AppStore|Any CPU.Build.0 = Release|Any CPU
		{351763B1-0960-496C-A48F-4CAE6CCA7B22}.AppStore|Any CPU.Deploy.0 = Release|Any CPU
		{351763B1-0960-496C-A48F-4CAE6CCA7B22}.AppStore|iPhone.ActiveCfg = Release|Any CPU
		{351763B1-0960-496C-A48F-4CAE6CCA7B22}.AppStore|iPhone.Build.0 = Release|Any CPU
		{351763B1-0960-496C-A48F-4CAE6CCA7B22}.AppStore|iPhone.Deploy.0 = Release|Any CPU
		{351763B1-0960-496C-A48F-4CAE6CCA7B22}.AppStore|iPhoneSimulator.ActiveCfg = Release|Any CPU
		{351763B1-0960-496C-A48F-4CAE6CCA7B22}.AppStore|iPhoneSimulator.Build.0 = Release|Any CPU
		{351763B1-0960-496C-A48F-4CAE6CCA7B22}.AppStore|iPhoneSimulator.Deploy.0 = Release|Any CPU
		{351763B1-0960-496C-A48F-4CAE6CCA7B22}.Debug|Any CPU.ActiveCfg = Debug|Any CPU
		{351763B1-0960-496C-A48F-4CAE6CCA7B22}.Debug|Any CPU.Build.0 = Debug|Any CPU
		{351763B1-0960-496C-A48F-4CAE6CCA7B22}.Debug|Any CPU.Deploy.0 = Debug|Any CPU
		{351763B1-0960-496C-A48F-4CAE6CCA7B22}.Debug|iPhone.ActiveCfg = Debug|Any CPU
		{351763B1-0960-496C-A48F-4CAE6CCA7B22}.Debug|iPhone.Build.0 = Debug|Any CPU
		{351763B1-0960-496C-A48F-4CAE6CCA7B22}.Debug|iPhone.Deploy.0 = Debug|Any CPU
		{351763B1-0960-496C-A48F-4CAE6CCA7B22}.Debug|iPhoneSimulator.ActiveCfg = Debug|Any CPU
		{351763B1-0960-496C-A48F-4CAE6CCA7B22}.Debug|iPhoneSimulator.Build.0 = Debug|Any CPU
		{351763B1-0960-496C-A48F-4CAE6CCA7B22}.Debug|iPhoneSimulator.Deploy.0 = Debug|Any CPU
		{351763B1-0960-496C-A48F-4CAE6CCA7B22}.Release|Any CPU.ActiveCfg = Release|Any CPU
		{351763B1-0960-496C-A48F-4CAE6CCA7B22}.Release|Any CPU.Build.0 = Release|Any CPU
		{351763B1-0960-496C-A48F-4CAE6CCA7B22}.Release|Any CPU.Deploy.0 = Release|Any CPU
		{351763B1-0960-496C-A48F-4CAE6CCA7B22}.Release|iPhone.ActiveCfg = Release|Any CPU
		{351763B1-0960-496C-A48F-4CAE6CCA7B22}.Release|iPhone.Build.0 = Release|Any CPU
		{351763B1-0960-496C-A48F-4CAE6CCA7B22}.Release|iPhone.Deploy.0 = Release|Any CPU
		{351763B1-0960-496C-A48F-4CAE6CCA7B22}.Release|iPhoneSimulator.ActiveCfg = Release|Any CPU
		{351763B1-0960-496C-A48F-4CAE6CCA7B22}.Release|iPhoneSimulator.Build.0 = Release|Any CPU
		{351763B1-0960-496C-A48F-4CAE6CCA7B22}.Release|iPhoneSimulator.Deploy.0 = Release|Any CPU
		{E44833BA-EE8C-4B40-B6EC-6D40ACC348FA}.Ad-Hoc|Any CPU.ActiveCfg = Ad-Hoc|iPhone
		{E44833BA-EE8C-4B40-B6EC-6D40ACC348FA}.Ad-Hoc|Any CPU.Build.0 = Ad-Hoc|iPhone
		{E44833BA-EE8C-4B40-B6EC-6D40ACC348FA}.Ad-Hoc|Any CPU.Deploy.0 = Ad-Hoc|iPhone
		{E44833BA-EE8C-4B40-B6EC-6D40ACC348FA}.Ad-Hoc|iPhone.ActiveCfg = Ad-Hoc|iPhone
		{E44833BA-EE8C-4B40-B6EC-6D40ACC348FA}.Ad-Hoc|iPhone.Build.0 = Ad-Hoc|iPhone
		{E44833BA-EE8C-4B40-B6EC-6D40ACC348FA}.Ad-Hoc|iPhone.Deploy.0 = Ad-Hoc|iPhone
		{E44833BA-EE8C-4B40-B6EC-6D40ACC348FA}.Ad-Hoc|iPhoneSimulator.ActiveCfg = Ad-Hoc|iPhoneSimulator
		{E44833BA-EE8C-4B40-B6EC-6D40ACC348FA}.Ad-Hoc|iPhoneSimulator.Build.0 = Ad-Hoc|iPhoneSimulator
		{E44833BA-EE8C-4B40-B6EC-6D40ACC348FA}.Ad-Hoc|iPhoneSimulator.Deploy.0 = Ad-Hoc|iPhoneSimulator
		{E44833BA-EE8C-4B40-B6EC-6D40ACC348FA}.AppStore|Any CPU.ActiveCfg = AppStore|iPhone
		{E44833BA-EE8C-4B40-B6EC-6D40ACC348FA}.AppStore|Any CPU.Build.0 = AppStore|iPhone
		{E44833BA-EE8C-4B40-B6EC-6D40ACC348FA}.AppStore|Any CPU.Deploy.0 = AppStore|iPhone
		{E44833BA-EE8C-4B40-B6EC-6D40ACC348FA}.AppStore|iPhone.ActiveCfg = AppStore|iPhone
		{E44833BA-EE8C-4B40-B6EC-6D40ACC348FA}.AppStore|iPhone.Build.0 = AppStore|iPhone
		{E44833BA-EE8C-4B40-B6EC-6D40ACC348FA}.AppStore|iPhone.Deploy.0 = AppStore|iPhone
		{E44833BA-EE8C-4B40-B6EC-6D40ACC348FA}.AppStore|iPhoneSimulator.ActiveCfg = AppStore|iPhoneSimulator
		{E44833BA-EE8C-4B40-B6EC-6D40ACC348FA}.AppStore|iPhoneSimulator.Build.0 = AppStore|iPhoneSimulator
		{E44833BA-EE8C-4B40-B6EC-6D40ACC348FA}.AppStore|iPhoneSimulator.Deploy.0 = AppStore|iPhoneSimulator
		{E44833BA-EE8C-4B40-B6EC-6D40ACC348FA}.Debug|Any CPU.ActiveCfg = Debug|iPhoneSimulator
		{E44833BA-EE8C-4B40-B6EC-6D40ACC348FA}.Debug|Any CPU.Build.0 = Debug|iPhoneSimulator
		{E44833BA-EE8C-4B40-B6EC-6D40ACC348FA}.Debug|Any CPU.Deploy.0 = Debug|iPhoneSimulator
		{E44833BA-EE8C-4B40-B6EC-6D40ACC348FA}.Debug|iPhone.ActiveCfg = Debug|iPhone
		{E44833BA-EE8C-4B40-B6EC-6D40ACC348FA}.Debug|iPhone.Build.0 = Debug|iPhone
		{E44833BA-EE8C-4B40-B6EC-6D40ACC348FA}.Debug|iPhone.Deploy.0 = Debug|iPhone
		{E44833BA-EE8C-4B40-B6EC-6D40ACC348FA}.Debug|iPhoneSimulator.ActiveCfg = Debug|iPhoneSimulator
		{E44833BA-EE8C-4B40-B6EC-6D40ACC348FA}.Debug|iPhoneSimulator.Build.0 = Debug|iPhoneSimulator
		{E44833BA-EE8C-4B40-B6EC-6D40ACC348FA}.Debug|iPhoneSimulator.Deploy.0 = Debug|iPhoneSimulator
		{E44833BA-EE8C-4B40-B6EC-6D40ACC348FA}.Release|Any CPU.ActiveCfg = Release|iPhone
		{E44833BA-EE8C-4B40-B6EC-6D40ACC348FA}.Release|Any CPU.Build.0 = Release|iPhone
		{E44833BA-EE8C-4B40-B6EC-6D40ACC348FA}.Release|Any CPU.Deploy.0 = Release|iPhone
		{E44833BA-EE8C-4B40-B6EC-6D40ACC348FA}.Release|iPhone.ActiveCfg = Release|iPhone
		{E44833BA-EE8C-4B40-B6EC-6D40ACC348FA}.Release|iPhone.Build.0 = Release|iPhone
		{E44833BA-EE8C-4B40-B6EC-6D40ACC348FA}.Release|iPhone.Deploy.0 = Release|iPhone
		{E44833BA-EE8C-4B40-B6EC-6D40ACC348FA}.Release|iPhoneSimulator.ActiveCfg = Release|iPhoneSimulator
		{E44833BA-EE8C-4B40-B6EC-6D40ACC348FA}.Release|iPhoneSimulator.Build.0 = Release|iPhoneSimulator
		{E44833BA-EE8C-4B40-B6EC-6D40ACC348FA}.Release|iPhoneSimulator.Deploy.0 = Release|iPhoneSimulator
		{6CC27A92-AB10-4878-A954-0E34E621B4AF}.Ad-Hoc|Any CPU.ActiveCfg = Debug|Any CPU
		{6CC27A92-AB10-4878-A954-0E34E621B4AF}.Ad-Hoc|Any CPU.Build.0 = Debug|Any CPU
		{6CC27A92-AB10-4878-A954-0E34E621B4AF}.Ad-Hoc|Any CPU.Deploy.0 = Debug|Any CPU
		{6CC27A92-AB10-4878-A954-0E34E621B4AF}.Ad-Hoc|iPhone.ActiveCfg = Debug|Any CPU
		{6CC27A92-AB10-4878-A954-0E34E621B4AF}.Ad-Hoc|iPhone.Build.0 = Debug|Any CPU
		{6CC27A92-AB10-4878-A954-0E34E621B4AF}.Ad-Hoc|iPhone.Deploy.0 = Debug|Any CPU
		{6CC27A92-AB10-4878-A954-0E34E621B4AF}.Ad-Hoc|iPhoneSimulator.ActiveCfg = Debug|Any CPU
		{6CC27A92-AB10-4878-A954-0E34E621B4AF}.Ad-Hoc|iPhoneSimulator.Build.0 = Debug|Any CPU
		{6CC27A92-AB10-4878-A954-0E34E621B4AF}.Ad-Hoc|iPhoneSimulator.Deploy.0 = Debug|Any CPU
		{6CC27A92-AB10-4878-A954-0E34E621B4AF}.AppStore|Any CPU.ActiveCfg = Debug|Any CPU
		{6CC27A92-AB10-4878-A954-0E34E621B4AF}.AppStore|Any CPU.Build.0 = Debug|Any CPU
		{6CC27A92-AB10-4878-A954-0E34E621B4AF}.AppStore|Any CPU.Deploy.0 = Debug|Any CPU
		{6CC27A92-AB10-4878-A954-0E34E621B4AF}.AppStore|iPhone.ActiveCfg = Debug|Any CPU
		{6CC27A92-AB10-4878-A954-0E34E621B4AF}.AppStore|iPhone.Build.0 = Debug|Any CPU
		{6CC27A92-AB10-4878-A954-0E34E621B4AF}.AppStore|iPhone.Deploy.0 = Debug|Any CPU
		{6CC27A92-AB10-4878-A954-0E34E621B4AF}.AppStore|iPhoneSimulator.ActiveCfg = Debug|Any CPU
		{6CC27A92-AB10-4878-A954-0E34E621B4AF}.AppStore|iPhoneSimulator.Build.0 = Debug|Any CPU
		{6CC27A92-AB10-4878-A954-0E34E621B4AF}.AppStore|iPhoneSimulator.Deploy.0 = Debug|Any CPU
		{6CC27A92-AB10-4878-A954-0E34E621B4AF}.Debug|Any CPU.ActiveCfg = Debug|Any CPU
		{6CC27A92-AB10-4878-A954-0E34E621B4AF}.Debug|Any CPU.Build.0 = Debug|Any CPU
		{6CC27A92-AB10-4878-A954-0E34E621B4AF}.Debug|Any CPU.Deploy.0 = Debug|Any CPU
		{6CC27A92-AB10-4878-A954-0E34E621B4AF}.Debug|iPhone.ActiveCfg = Debug|Any CPU
		{6CC27A92-AB10-4878-A954-0E34E621B4AF}.Debug|iPhone.Build.0 = Debug|Any CPU
		{6CC27A92-AB10-4878-A954-0E34E621B4AF}.Debug|iPhone.Deploy.0 = Debug|Any CPU
		{6CC27A92-AB10-4878-A954-0E34E621B4AF}.Debug|iPhoneSimulator.ActiveCfg = Debug|Any CPU
		{6CC27A92-AB10-4878-A954-0E34E621B4AF}.Debug|iPhoneSimulator.Build.0 = Debug|Any CPU
		{6CC27A92-AB10-4878-A954-0E34E621B4AF}.Debug|iPhoneSimulator.Deploy.0 = Debug|Any CPU
		{6CC27A92-AB10-4878-A954-0E34E621B4AF}.Release|Any CPU.ActiveCfg = Release|Any CPU
		{6CC27A92-AB10-4878-A954-0E34E621B4AF}.Release|Any CPU.Build.0 = Release|Any CPU
		{6CC27A92-AB10-4878-A954-0E34E621B4AF}.Release|Any CPU.Deploy.0 = Release|Any CPU
		{6CC27A92-AB10-4878-A954-0E34E621B4AF}.Release|iPhone.ActiveCfg = Release|Any CPU
		{6CC27A92-AB10-4878-A954-0E34E621B4AF}.Release|iPhone.Build.0 = Release|Any CPU
		{6CC27A92-AB10-4878-A954-0E34E621B4AF}.Release|iPhone.Deploy.0 = Release|Any CPU
		{6CC27A92-AB10-4878-A954-0E34E621B4AF}.Release|iPhoneSimulator.ActiveCfg = Release|Any CPU
		{6CC27A92-AB10-4878-A954-0E34E621B4AF}.Release|iPhoneSimulator.Build.0 = Release|Any CPU
		{6CC27A92-AB10-4878-A954-0E34E621B4AF}.Release|iPhoneSimulator.Deploy.0 = Release|Any CPU
	EndGlobalSection
	GlobalSection(SolutionProperties) = preSolution
		HideSolutionNode = FALSE
	EndGlobalSection
	GlobalSection(ExtensibilityGlobals) = postSolution
		SolutionGuid = {D2D7CB70-5CFE-4E69-BD96-5EAE1056AC3F}
	EndGlobalSection
EndGlobal
